
Microsoft Visual Studio Solution File, Format Version 12.00
# Visual Studio 15
VisualStudioVersion = 15.0.28307.421
MinimumVisualStudioVersion = 10.0.40219.1
Project("{FAE04EC0-301F-11D3-BF4B-00C04F79EFBC}") = "AudioTello", "AudioTello\AudioTello.csproj", "{2559B636-5F29-4417-A756-3905489F73D8}"
EndProject
Project("{2150E333-8FDC-42A3-9474-1A3956D46DE8}") = "Solution Items", "Solution Items", "{25E3B762-E142-463C-933D-5834FE493EF5}"
EndProject
Global
	GlobalSection(SolutionConfigurationPlatforms) = preSolution
		Debug|Any CPU = Debug|Any CPU
		Release|Any CPU = Release|Any CPU
	EndGlobalSection
	GlobalSection(ProjectConfigurationPlatforms) = postSolution
		{2559B636-5F29-4417-A756-3905489F73D8}.Debug|Any CPU.ActiveCfg = Debug|Any CPU
		{2559B636-5F29-4417-A756-3905489F73D8}.Debug|Any CPU.Build.0 = Debug|Any CPU
		{2559B636-5F29-4417-A756-3905489F73D8}.Release|Any CPU.ActiveCfg = Release|Any CPU
		{2559B636-5F29-4417-A756-3905489F73D8}.Release|Any CPU.Build.0 = Release|Any CPU
	EndGlobalSection
	GlobalSection(SolutionProperties) = preSolution
		HideSolutionNode = FALSE
	EndGlobalSection
	GlobalSection(ExtensibilityGlobals) = postSolution
		SolutionGuid = {9DE687B6-BAE3-4709-A80A-151EC8CCD2EF}
	EndGlobalSection
EndGlobal
